<?xml version="1.0" encoding="utf-8"?>
<Project ToolsVersion="17.0" xmlns="http://schemas.microsoft.com/developer/msbuild/2003">
  <ItemGroup>
    <ClCompile Include="C:\Users\MEKEW\source\repos\Simple_Music_Player_New_Gen\simple_music_player_2\cpp_audio_engine\list_devices.c">
      <Filter>Source Files</Filter>
    </ClCompile>
  </ItemGroup>
  <ItemGroup>
    <CustomBuild Include="C:\Users\MEKEW\source\repos\Simple_Music_Player_New_Gen\simple_music_player_2\cpp_audio_engine\test2\CMakeLists.txt" />
  </ItemGroup>
  <ItemGroup>
    <Filter Include="Source Files">
      <UniqueIdentifier>{BC2FAB10-B283-3227-BA31-05A066A1F9EF}</UniqueIdentifier>
    </Filter>
  </ItemGroup>
</Project>
